{
  "name": "dsa_package.js",
  "version": "1.0.0",
  "lockfileVersion": 3,
  "requires": true,
  "packages": {
    "": {
      "name": "dsa_package.js",
      "version": "1.0.0",
      "license": "ISC",
      "dependencies": {
        "dsa_package.js": "^1.0.0"
      }
    },
    "node_modules/dsa_package.js": {
      "version": "1.0.0",
      "resolved": "https://registry.npmjs.org/dsa_package.js/-/dsa_package.js-1.0.0.tgz",
      "integrity": "sha512-EUxkgEPCMmSOF7Kkj4gdVC/5FpaGEGQF5INnUf52qGQcgHlm5FyQmF7+wyT5Hku0m4hHnBToveL2dTUjrPj4cQ=="
    }
  }
}
